
Microsoft Visual Studio Solution File, Format Version 12.00
# Visual Studio Version 17
VisualStudioVersion = 17.4.33110.190
MinimumVisualStudioVersion = 10.0.40219.1
Project("{FAE04EC0-301F-11D3-BF4B-00C04F79EFBC}") = "TraversalCoreProje", "TraversalCoreProje\TraversalCoreProje.csproj", "{83298A7A-3D0C-460F-A0BB-61CB1BA89034}"
EndProject
Project("{FAE04EC0-301F-11D3-BF4B-00C04F79EFBC}") = "EntityLayer", "EntityLayer\EntityLayer.csproj", "{93C227BE-1EF1-45B6-8944-3B63462E70ED}"
EndProject
Project("{FAE04EC0-301F-11D3-BF4B-00C04F79EFBC}") = "DataAccessLayer", "DataAccessLayer\DataAccessLayer.csproj", "{C49E4C3A-61DA-4F62-96DD-8C37110E4835}"
EndProject
Project("{FAE04EC0-301F-11D3-BF4B-00C04F79EFBC}") = "BusinessLayer", "BusinessLayer\BusinessLayer.csproj", "{07CBB956-C361-41D6-A20E-65FB40D4C1F3}"
EndProject
Global
	GlobalSection(SolutionConfigurationPlatforms) = preSolution
		Debug|Any CPU = Debug|Any CPU
		Release|Any CPU = Release|Any CPU
	EndGlobalSection
	GlobalSection(ProjectConfigurationPlatforms) = postSolution
		{83298A7A-3D0C-460F-A0BB-61CB1BA89034}.Debug|Any CPU.ActiveCfg = Debug|Any CPU
		{83298A7A-3D0C-460F-A0BB-61CB1BA89034}.Debug|Any CPU.Build.0 = Debug|Any CPU
		{83298A7A-3D0C-460F-A0BB-61CB1BA89034}.Release|Any CPU.ActiveCfg = Release|Any CPU
		{83298A7A-3D0C-460F-A0BB-61CB1BA89034}.Release|Any CPU.Build.0 = Release|Any CPU
		{93C227BE-1EF1-45B6-8944-3B63462E70ED}.Debug|Any CPU.ActiveCfg = Debug|Any CPU
		{93C227BE-1EF1-45B6-8944-3B63462E70ED}.Debug|Any CPU.Build.0 = Debug|Any CPU
		{93C227BE-1EF1-45B6-8944-3B63462E70ED}.Release|Any CPU.ActiveCfg = Release|Any CPU
		{93C227BE-1EF1-45B6-8944-3B63462E70ED}.Release|Any CPU.Build.0 = Release|Any CPU
		{C49E4C3A-61DA-4F62-96DD-8C37110E4835}.Debug|Any CPU.ActiveCfg = Debug|Any CPU
		{C49E4C3A-61DA-4F62-96DD-8C37110E4835}.Debug|Any CPU.Build.0 = Debug|Any CPU
		{C49E4C3A-61DA-4F62-96DD-8C37110E4835}.Release|Any CPU.ActiveCfg = Release|Any CPU
		{C49E4C3A-61DA-4F62-96DD-8C37110E4835}.Release|Any CPU.Build.0 = Release|Any CPU
		{07CBB956-C361-41D6-A20E-65FB40D4C1F3}.Debug|Any CPU.ActiveCfg = Debug|Any CPU
		{07CBB956-C361-41D6-A20E-65FB40D4C1F3}.Debug|Any CPU.Build.0 = Debug|Any CPU
		{07CBB956-C361-41D6-A20E-65FB40D4C1F3}.Release|Any CPU.ActiveCfg = Release|Any CPU
		{07CBB956-C361-41D6-A20E-65FB40D4C1F3}.Release|Any CPU.Build.0 = Release|Any CPU
	EndGlobalSection
	GlobalSection(SolutionProperties) = preSolution
		HideSolutionNode = FALSE
	EndGlobalSection
	GlobalSection(ExtensibilityGlobals) = postSolution
		SolutionGuid = {A5664A82-B85A-4717-AD05-36D57A485E1B}
	EndGlobalSection
EndGlobal
